
Microsoft Visual Studio Solution File, Format Version 12.00
# Visual Studio 15
Project("{FAE04EC0-301F-11D3-BF4B-00C04F79EFBC}") = "Assembly-CSharp", "Assembly-CSharp.csproj", "{DAA9B9A1-826D-C4E2-4043-B4B2D0F3797B}"
EndProject
Project("{FAE04EC0-301F-11D3-BF4B-00C04F79EFBC}") = "Assembly-CSharp-Editor", "Assembly-CSharp-Editor.csproj", "{757C4B8F-B0F6-0929-3A07-7115B8701FDC}"
EndProject
Global
	GlobalSection(SolutionConfigurationPlatforms) = preSolution
		Debug|Any CPU = Debug|Any CPU
		Release|Any CPU = Release|Any CPU
	EndGlobalSection
	GlobalSection(ProjectConfigurationPlatforms) = postSolution
		{DAA9B9A1-826D-C4E2-4043-B4B2D0F3797B}.Debug|Any CPU.ActiveCfg = Debug|Any CPU
		{DAA9B9A1-826D-C4E2-4043-B4B2D0F3797B}.Debug|Any CPU.Build.0 = Debug|Any CPU
		{DAA9B9A1-826D-C4E2-4043-B4B2D0F3797B}.Release|Any CPU.ActiveCfg = Release|Any CPU
		{DAA9B9A1-826D-C4E2-4043-B4B2D0F3797B}.Release|Any CPU.Build.0 = Release|Any CPU
		{757C4B8F-B0F6-0929-3A07-7115B8701FDC}.Debug|Any CPU.ActiveCfg = Debug|Any CPU
		{757C4B8F-B0F6-0929-3A07-7115B8701FDC}.Debug|Any CPU.Build.0 = Debug|Any CPU
		{757C4B8F-B0F6-0929-3A07-7115B8701FDC}.Release|Any CPU.ActiveCfg = Release|Any CPU
		{757C4B8F-B0F6-0929-3A07-7115B8701FDC}.Release|Any CPU.Build.0 = Release|Any CPU
	EndGlobalSection
	GlobalSection(SolutionProperties) = preSolution
		HideSolutionNode = FALSE
	EndGlobalSection
EndGlobal
